{
  "version": 4,
  "terraform_version": "1.6.6",
  "serial": 10,
  "lineage": "a77007bd-9a23-bb87-8a77-7348a56d17da",
  "outputs": {},
  "resources": [
    {
      "mode": "managed",
      "type": "local_file",
      "name": "agent_token",
      "provider": "provider[\"registry.terraform.io/hashicorp/local\"]",
      "instances": [
        {
          "schema_version": 0,
          "attributes": {
            "content": "eyJhbGciOiJIUzI1NiIsInR5cCI6IkpXVCJ9.eyJhZ2VudF9wb29sX2lkIjoiYXBvb2wtRW83Q2VzVXFxWG5IT1NHYSIsImlhdCI6MTcwMzQxMjgyOSwia2luZCI6ImFnZW50X3Rva2VuIiwic3ViIjoiYXQtVlZlR1BXdVZxWUs4cTB4byJ9.jFXLbuis5-K01RHJKISjDMbaAl1LEftSXCHGIqbdSqo",
            "content_base64": null,
            "content_base64sha256": "h3i3s+0eJ50d8t+Rg3x36pGjZ2vTjK5tksp0rB4XA0M=",
            "content_base64sha512": "zNyPI2TjA8OFBJJCX7koR22Cc7lY+g/yYa+2W8OxOROQqQZzsoxegZjeuyW2RcCBlRrUI8E5ISNBAVJnIOkr3g==",
            "content_md5": "de2e135e988aeb21626218077bbfc9a5",
            "content_sha1": "2ecec829166c6bf6310fa172727ae3527b81489f",
            "content_sha256": "8778b7b3ed1e279d1df2df91837c77ea91a3676bd38cae6d92ca74ac1e170343",
            "content_sha512": "ccdc8f2364e303c3850492425fb928476d8273b958fa0ff261afb65bc3b1391390a90673b28c5e8198debb25b645c081951ad423c13921234101526720e92bde",
            "directory_permission": "0777",
            "file_permission": "0777",
            "filename": "/tokens/pool-token",
            "id": "2ecec829166c6bf6310fa172727ae3527b81489f",
            "sensitive_content": null,
            "source": null
          },
          "sensitive_attributes": [
            [
              {
                "type": "get_attr",
                "value": "content"
              }
            ]
          ],
          "dependencies": [
            "tfe_agent_pool.loadtest",
            "tfe_agent_token.loadtest",
            "tfe_organization.loadtest"
          ]
        }
      ]
    },
    {
      "mode": "managed",
      "type": "tfe_agent_pool",
      "name": "loadtest",
      "provider": "provider[\"registry.terraform.io/hashicorp/tfe\"]",
      "instances": [
        {
          "schema_version": 0,
          "attributes": {
            "id": "apool-Eo7CesUqqXnHOSGa",
            "name": "loadtest",
            "organization": "loadtest",
            "organization_scoped": true
          },
          "sensitive_attributes": [],
          "private": "bnVsbA==",
          "dependencies": [
            "tfe_organization.loadtest"
          ]
        }
      ]
    },
    {
      "mode": "managed",
      "type": "tfe_agent_token",
      "name": "loadtest",
      "provider": "provider[\"registry.terraform.io/hashicorp/tfe\"]",
      "instances": [
        {
          "schema_version": 0,
          "attributes": {
            "agent_pool_id": "apool-Eo7CesUqqXnHOSGa",
            "description": "loadtest",
            "id": "at-VVeGPWuVqYK8q0xo",
            "token": "eyJhbGciOiJIUzI1NiIsInR5cCI6IkpXVCJ9.eyJhZ2VudF9wb29sX2lkIjoiYXBvb2wtRW83Q2VzVXFxWG5IT1NHYSIsImlhdCI6MTcwMzQxMjgyOSwia2luZCI6ImFnZW50X3Rva2VuIiwic3ViIjoiYXQtVlZlR1BXdVZxWUs4cTB4byJ9.jFXLbuis5-K01RHJKISjDMbaAl1LEftSXCHGIqbdSqo"
          },
          "sensitive_attributes": [],
          "private": "bnVsbA==",
          "dependencies": [
            "tfe_agent_pool.loadtest",
            "tfe_organization.loadtest"
          ]
        }
      ]
    },
    {
      "mode": "managed",
      "type": "tfe_organization",
      "name": "loadtest",
      "provider": "provider[\"registry.terraform.io/hashicorp/tfe\"]",
      "instances": [
        {
          "schema_version": 0,
          "attributes": {
            "allow_force_delete_workspaces": false,
            "assessments_enforced": false,
            "collaborator_auth_policy": "password",
            "cost_estimation_enabled": false,
            "default_project_id": null,
            "email": "admin@company.com",
            "id": "loadtest",
            "name": "loadtest",
            "owners_team_saml_role_id": "",
            "send_passing_statuses_for_untriggered_speculative_plans": false,
            "session_remember_minutes": 0,
            "session_timeout_minutes": 0
          },
          "sensitive_attributes": [],
          "private": "bnVsbA=="
        }
      ]
    },
    {
      "mode": "managed",
      "type": "tfe_workspace",
      "name": "agent",
      "provider": "provider[\"registry.terraform.io/hashicorp/tfe\"]",
      "instances": [
        {
          "schema_version": 1,
          "attributes": {
            "agent_pool_id": "",
            "allow_destroy_plan": true,
            "assessments_enabled": false,
            "auto_apply": false,
            "auto_apply_run_trigger": false,
            "description": "",
            "execution_mode": "agent",
            "file_triggers_enabled": false,
            "force_delete": false,
            "global_remote_state": true,
            "html_url": null,
            "id": "ws-StoFGa2zY7o4CNPc",
            "name": "agent",
            "operations": false,
            "organization": "loadtest",
            "project_id": null,
            "queue_all_runs": true,
            "remote_state_consumer_ids": [],
            "resource_count": 0,
            "source_name": "",
            "source_url": "",
            "speculative_enabled": true,
            "ssh_key_id": "",
            "structured_run_output_enabled": true,
            "tag_names": [],
            "terraform_version": "1.6.0",
            "trigger_patterns": [],
            "trigger_prefixes": [],
            "vcs_repo": [],
            "working_directory": ""
          },
          "sensitive_attributes": [],
          "private": "eyJzY2hlbWFfdmVyc2lvbiI6IjEifQ==",
          "dependencies": [
            "tfe_agent_pool.loadtest",
            "tfe_organization.loadtest"
          ]
        }
      ]
    },
    {
      "mode": "managed",
      "type": "tfe_workspace",
      "name": "remote",
      "provider": "provider[\"registry.terraform.io/hashicorp/tfe\"]",
      "instances": [
        {
          "schema_version": 1,
          "attributes": {
            "agent_pool_id": "",
            "allow_destroy_plan": true,
            "assessments_enabled": false,
            "auto_apply": false,
            "auto_apply_run_trigger": false,
            "description": "",
            "execution_mode": "remote",
            "file_triggers_enabled": false,
            "force_delete": false,
            "global_remote_state": true,
            "html_url": null,
            "id": "ws-1DjMAeWmgTroebir",
            "name": "remote",
            "operations": true,
            "organization": "loadtest",
            "project_id": null,
            "queue_all_runs": true,
            "remote_state_consumer_ids": [],
            "resource_count": 0,
            "source_name": "",
            "source_url": "",
            "speculative_enabled": true,
            "ssh_key_id": "",
            "structured_run_output_enabled": true,
            "tag_names": [],
            "terraform_version": "1.6.0",
            "trigger_patterns": [],
            "trigger_prefixes": [],
            "vcs_repo": [],
            "working_directory": ""
          },
          "sensitive_attributes": [],
          "private": "eyJzY2hlbWFfdmVyc2lvbiI6IjEifQ==",
          "dependencies": [
            "tfe_organization.loadtest"
          ]
        }
      ]
    }
  ],
  "check_results": null
}
