dependencies:
- name: cloudnative-pg
  repository: https://cloudnative-pg.github.io/charts
  version: 0.26.0
- name: cluster
  repository: https://cloudnative-pg.github.io/charts
  version: 0.3.1
digest: sha256:482f1bdd97ccd4274219d2fe3fae4f9228b614ae66d0ad28d05f941f422373a5
generated: "2025-09-30T10:29:28.948111117+01:00"
